// !$*UTF8*$!
{
	archiveVersion = 1;
	classes = {
	};
	objectVersion = 50;
	objects = {

/* Begin PBXBuildFile section */
		D1D28BA9251D361C00B26F30 /* AppDelegate.swift in Sources */ = {isa = PBXBuildFile; fileRef = D1D28BA8251D361C00B26F30 /* AppDelegate.swift */; };
		D1D28BAB251D361C00B26F30 /* SceneDelegate.swift in Sources */ = {isa = PBXBuildFile; fileRef = D1D28BAA251D361C00B26F30 /* SceneDelegate.swift */; };
		D1D28BB2251D361D00B26F30 /* Assets.xcassets in Resources */ = {isa = PBXBuildFile; fileRef = D1D28BB1251D361D00B26F30 /* Assets.xcassets */; };
		D1D28BB5251D361D00B26F30 /* LaunchScreen.storyboard in Resources */ = {isa = PBXBuildFile; fileRef = D1D28BB3251D361D00B26F30 /* LaunchScreen.storyboard */; };
		D1D28BC0251D361D00B26F30 /* DrinksTests.swift in Sources */ = {isa = PBXBuildFile; fileRef = D1D28BBF251D361D00B26F30 /* DrinksTests.swift */; };
		D1D28BCB251D361D00B26F30 /* DrinksUITests.swift in Sources */ = {isa = PBXBuildFile; fileRef = D1D28BCA251D361D00B26F30 /* DrinksUITests.swift */; };
		D1D28BDF251D363F00B26F30 /* Main.storyboard in Resources */ = {isa = PBXBuildFile; fileRef = D1D28BDE251D363F00B26F30 /* Main.storyboard */; };
		D1D28BEA251D365400B26F30 /* Drink.swift in Sources */ = {isa = PBXBuildFile; fileRef = D1D28BE7251D365400B26F30 /* Drink.swift */; };
		D1D28BEB251D365400B26F30 /* SearchTableViewController.swift in Sources */ = {isa = PBXBuildFile; fileRef = D1D28BE9251D365400B26F30 /* SearchTableViewController.swift */; };
		D1D28BF0251D36ED00B26F30 /* DrinkController.swift in Sources */ = {isa = PBXBuildFile; fileRef = D1D28BEF251D36ED00B26F30 /* DrinkController.swift */; };
/* End PBXBuildFile section */

/* Begin PBXContainerItemProxy section */
		D1D28BBC251D361D00B26F30 /* PBXContainerItemProxy */ = {
			isa = PBXContainerItemProxy;
			containerPortal = D1D28B9D251D361C00B26F30 /* Project object */;
			proxyType = 1;
			remoteGlobalIDString = D1D28BA4251D361C00B26F30;
			remoteInfo = Drinks;
		};
		D1D28BC7251D361D00B26F30 /* PBXContainerItemProxy */ = {
			isa = PBXContainerItemProxy;
			containerPortal = D1D28B9D251D361C00B26F30 /* Project object */;
			proxyType = 1;
			remoteGlobalIDString = D1D28BA4251D361C00B26F30;
			remoteInfo = Drinks;
		};
/* End PBXContainerItemProxy section */

/* Begin PBXFileReference section */
		D1D28BA5251D361C00B26F30 /* Drinks.app */ = {isa = PBXFileReference; explicitFileType = wrapper.application; includeInIndex = 0; path = Drinks.app; sourceTree = BUILT_PRODUCTS_DIR; };
		D1D28BA8251D361C00B26F30 /* AppDelegate.swift */ = {isa = PBXFileReference; lastKnownFileType = sourcecode.swift; path = AppDelegate.swift; sourceTree = "<group>"; };
		D1D28BAA251D361C00B26F30 /* SceneDelegate.swift */ = {isa = PBXFileReference; lastKnownFileType = sourcecode.swift; path = SceneDelegate.swift; sourceTree = "<group>"; };
		D1D28BB1251D361D00B26F30 /* Assets.xcassets */ = {isa = PBXFileReference; lastKnownFileType = folder.assetcatalog; path = Assets.xcassets; sourceTree = "<group>"; };
		D1D28BB4251D361D00B26F30 /* Base */ = {isa = PBXFileReference; lastKnownFileType = file.storyboard; name = Base; path = Base.lproj/LaunchScreen.storyboard; sourceTree = "<group>"; };
		D1D28BB6251D361D00B26F30 /* Info.plist */ = {isa = PBXFileReference; lastKnownFileType = text.plist.xml; path = Info.plist; sourceTree = "<group>"; };
		D1D28BBB251D361D00B26F30 /* DrinksTests.xctest */ = {isa = PBXFileReference; explicitFileType = wrapper.cfbundle; includeInIndex = 0; path = DrinksTests.xctest; sourceTree = BUILT_PRODUCTS_DIR; };
		D1D28BBF251D361D00B26F30 /* DrinksTests.swift */ = {isa = PBXFileReference; lastKnownFileType = sourcecode.swift; path = DrinksTests.swift; sourceTree = "<group>"; };
		D1D28BC1251D361D00B26F30 /* Info.plist */ = {isa = PBXFileReference; lastKnownFileType = text.plist.xml; path = Info.plist; sourceTree = "<group>"; };
		D1D28BC6251D361D00B26F30 /* DrinksUITests.xctest */ = {isa = PBXFileReference; explicitFileType = wrapper.cfbundle; includeInIndex = 0; path = DrinksUITests.xctest; sourceTree = BUILT_PRODUCTS_DIR; };
		D1D28BCA251D361D00B26F30 /* DrinksUITests.swift */ = {isa = PBXFileReference; lastKnownFileType = sourcecode.swift; path = DrinksUITests.swift; sourceTree = "<group>"; };
		D1D28BCC251D361D00B26F30 /* Info.plist */ = {isa = PBXFileReference; lastKnownFileType = text.plist.xml; path = Info.plist; sourceTree = "<group>"; };
		D1D28BDE251D363F00B26F30 /* Main.storyboard */ = {isa = PBXFileReference; fileEncoding = 4; lastKnownFileType = file.storyboard; path = Main.storyboard; sourceTree = "<group>"; };
		D1D28BE7251D365400B26F30 /* Drink.swift */ = {isa = PBXFileReference; fileEncoding = 4; lastKnownFileType = sourcecode.swift; path = Drink.swift; sourceTree = "<group>"; };
		D1D28BE9251D365400B26F30 /* SearchTableViewController.swift */ = {isa = PBXFileReference; fileEncoding = 4; lastKnownFileType = sourcecode.swift; path = SearchTableViewController.swift; sourceTree = "<group>"; };
		D1D28BEF251D36ED00B26F30 /* DrinkController.swift */ = {isa = PBXFileReference; lastKnownFileType = sourcecode.swift; path = DrinkController.swift; sourceTree = "<group>"; };
/* End PBXFileReference section */

/* Begin PBXFrameworksBuildPhase section */
		D1D28BA2251D361C00B26F30 /* Frameworks */ = {
			isa = PBXFrameworksBuildPhase;
			buildActionMask = 2147483647;
			files = (
			);
			runOnlyForDeploymentPostprocessing = 0;
		};
		D1D28BB8251D361D00B26F30 /* Frameworks */ = {
			isa = PBXFrameworksBuildPhase;
			buildActionMask = 2147483647;
			files = (
			);
			runOnlyForDeploymentPostprocessing = 0;
		};
		D1D28BC3251D361D00B26F30 /* Frameworks */ = {
			isa = PBXFrameworksBuildPhase;
			buildActionMask = 2147483647;
			files = (
			);
			runOnlyForDeploymentPostprocessing = 0;
		};
/* End PBXFrameworksBuildPhase section */

/* Begin PBXGroup section */
		D1D28B9C251D361C00B26F30 = {
			isa = PBXGroup;
			children = (
				D1D28BA7251D361C00B26F30 /* Drinks */,
				D1D28BBE251D361D00B26F30 /* DrinksTests */,
				D1D28BC9251D361D00B26F30 /* DrinksUITests */,
				D1D28BA6251D361C00B26F30 /* Products */,
			);
			sourceTree = "<group>";
		};
		D1D28BA6251D361C00B26F30 /* Products */ = {
			isa = PBXGroup;
			children = (
				D1D28BA5251D361C00B26F30 /* Drinks.app */,
				D1D28BBB251D361D00B26F30 /* DrinksTests.xctest */,
				D1D28BC6251D361D00B26F30 /* DrinksUITests.xctest */,
			);
			name = Products;
			sourceTree = "<group>";
		};
		D1D28BA7251D361C00B26F30 /* Drinks */ = {
			isa = PBXGroup;
			children = (
				D1D28BF4251D36F800B26F30 /* Controllers */,
				D1D28BA8251D361C00B26F30 /* AppDelegate.swift */,
				D1D28BAA251D361C00B26F30 /* SceneDelegate.swift */,
				D1D28BB1251D361D00B26F30 /* Assets.xcassets */,
				D1D28BDE251D363F00B26F30 /* Main.storyboard */,
				D1D28BB3251D361D00B26F30 /* LaunchScreen.storyboard */,
				D1D28BB6251D361D00B26F30 /* Info.plist */,
				D1D28BE6251D365400B26F30 /* Models */,
				D1D28BE8251D365400B26F30 /* VC's */,
			);
			path = Drinks;
			sourceTree = "<group>";
		};
		D1D28BBE251D361D00B26F30 /* DrinksTests */ = {
			isa = PBXGroup;
			children = (
				D1D28BBF251D361D00B26F30 /* DrinksTests.swift */,
				D1D28BC1251D361D00B26F30 /* Info.plist */,
			);
			path = DrinksTests;
			sourceTree = "<group>";
		};
		D1D28BC9251D361D00B26F30 /* DrinksUITests */ = {
			isa = PBXGroup;
			children = (
				D1D28BCA251D361D00B26F30 /* DrinksUITests.swift */,
				D1D28BCC251D361D00B26F30 /* Info.plist */,
			);
			path = DrinksUITests;
			sourceTree = "<group>";
		};
		D1D28BE6251D365400B26F30 /* Models */ = {
			isa = PBXGroup;
			children = (
				D1D28BE7251D365400B26F30 /* Drink.swift */,
			);
			path = Models;
			sourceTree = "<group>";
		};
		D1D28BE8251D365400B26F30 /* VC's */ = {
			isa = PBXGroup;
			children = (
				D1D28BE9251D365400B26F30 /* SearchTableViewController.swift */,
			);
			path = "VC's";
			sourceTree = "<group>";
		};
		D1D28BF4251D36F800B26F30 /* Controllers */ = {
			isa = PBXGroup;
			children = (
				D1D28BEF251D36ED00B26F30 /* DrinkController.swift */,
			);
			path = Controllers;
			sourceTree = "<group>";
		};
/* End PBXGroup section */

/* Begin PBXNativeTarget section */
		D1D28BA4251D361C00B26F30 /* Drinks */ = {
			isa = PBXNativeTarget;
			buildConfigurationList = D1D28BCF251D361D00B26F30 /* Build configuration list for PBXNativeTarget "Drinks" */;
			buildPhases = (
				D1D28BA1251D361C00B26F30 /* Sources */,
				D1D28BA2251D361C00B26F30 /* Frameworks */,
				D1D28BA3251D361C00B26F30 /* Resources */,
			);
			buildRules = (
			);
			dependencies = (
			);
			name = Drinks;
			productName = Drinks;
			productReference = D1D28BA5251D361C00B26F30 /* Drinks.app */;
			productType = "com.apple.product-type.application";
		};
		D1D28BBA251D361D00B26F30 /* DrinksTests */ = {
			isa = PBXNativeTarget;
			buildConfigurationList = D1D28BD2251D361D00B26F30 /* Build configuration list for PBXNativeTarget "DrinksTests" */;
			buildPhases = (
				D1D28BB7251D361D00B26F30 /* Sources */,
				D1D28BB8251D361D00B26F30 /* Frameworks */,
				D1D28BB9251D361D00B26F30 /* Resources */,
			);
			buildRules = (
			);
			dependencies = (
				D1D28BBD251D361D00B26F30 /* PBXTargetDependency */,
			);
			name = DrinksTests;
			productName = DrinksTests;
			productReference = D1D28BBB251D361D00B26F30 /* DrinksTests.xctest */;
			productType = "com.apple.product-type.bundle.unit-test";
		};
		D1D28BC5251D361D00B26F30 /* DrinksUITests */ = {
			isa = PBXNativeTarget;
			buildConfigurationList = D1D28BD5251D361D00B26F30 /* Build configuration list for PBXNativeTarget "DrinksUITests" */;
			buildPhases = (
				D1D28BC2251D361D00B26F30 /* Sources */,
				D1D28BC3251D361D00B26F30 /* Frameworks */,
				D1D28BC4251D361D00B26F30 /* Resources */,
			);
			buildRules = (
			);
			dependencies = (
				D1D28BC8251D361D00B26F30 /* PBXTargetDependency */,
			);
			name = DrinksUITests;
			productName = DrinksUITests;
			productReference = D1D28BC6251D361D00B26F30 /* DrinksUITests.xctest */;
			productType = "com.apple.product-type.bundle.ui-testing";
		};
/* End PBXNativeTarget section */

/* Begin PBXProject section */
		D1D28B9D251D361C00B26F30 /* Project object */ = {
			isa = PBXProject;
			attributes = {
				LastSwiftUpdateCheck = 1200;
				LastUpgradeCheck = 1200;
				TargetAttributes = {
					D1D28BA4251D361C00B26F30 = {
						CreatedOnToolsVersion = 12.0;
					};
					D1D28BBA251D361D00B26F30 = {
						CreatedOnToolsVersion = 12.0;
						TestTargetID = D1D28BA4251D361C00B26F30;
					};
					D1D28BC5251D361D00B26F30 = {
						CreatedOnToolsVersion = 12.0;
						TestTargetID = D1D28BA4251D361C00B26F30;
					};
				};
			};
			buildConfigurationList = D1D28BA0251D361C00B26F30 /* Build configuration list for PBXProject "Drinks" */;
			compatibilityVersion = "Xcode 9.3";
			developmentRegion = en;
			hasScannedForEncodings = 0;
			knownRegions = (
				en,
				Base,
			);
			mainGroup = D1D28B9C251D361C00B26F30;
			productRefGroup = D1D28BA6251D361C00B26F30 /* Products */;
			projectDirPath = "";
			projectRoot = "";
			targets = (
				D1D28BA4251D361C00B26F30 /* Drinks */,
				D1D28BBA251D361D00B26F30 /* DrinksTests */,
				D1D28BC5251D361D00B26F30 /* DrinksUITests */,
			);
		};
/* End PBXProject section */

/* Begin PBXResourcesBuildPhase section */
		D1D28BA3251D361C00B26F30 /* Resources */ = {
			isa = PBXResourcesBuildPhase;
			buildActionMask = 2147483647;
			files = (
				D1D28BDF251D363F00B26F30 /* Main.storyboard in Resources */,
				D1D28BB5251D361D00B26F30 /* LaunchScreen.storyboard in Resources */,
				D1D28BB2251D361D00B26F30 /* Assets.xcassets in Resources */,
			);
			runOnlyForDeploymentPostprocessing = 0;
		};
		D1D28BB9251D361D00B26F30 /* Resources */ = {
			isa = PBXResourcesBuildPhase;
			buildActionMask = 2147483647;
			files = (
			);
			runOnlyForDeploymentPostprocessing = 0;
		};
		D1D28BC4251D361D00B26F30 /* Resources */ = {
			isa = PBXResourcesBuildPhase;
			buildActionMask = 2147483647;
			files = (
			);
			runOnlyForDeploymentPostprocessing = 0;
		};
/* End PBXResourcesBuildPhase section */

/* Begin PBXSourcesBuildPhase section */
		D1D28BA1251D361C00B26F30 /* Sources */ = {
			isa = PBXSourcesBuildPhase;
			buildActionMask = 2147483647;
			files = (
				D1D28BA9251D361C00B26F30 /* AppDelegate.swift in Sources */,
				D1D28BF0251D36ED00B26F30 /* DrinkController.swift in Sources */,
				D1D28BEA251D365400B26F30 /* Drink.swift in Sources */,
				D1D28BAB251D361C00B26F30 /* SceneDelegate.swift in Sources */,
				D1D28BEB251D365400B26F30 /* SearchTableViewController.swift in Sources */,
			);
			runOnlyForDeploymentPostprocessing = 0;
		};
		D1D28BB7251D361D00B26F30 /* Sources */ = {
			isa = PBXSourcesBuildPhase;
			buildActionMask = 2147483647;
			files = (
				D1D28BC0251D361D00B26F30 /* DrinksTests.swift in Sources */,
			);
			runOnlyForDeploymentPostprocessing = 0;
		};
		D1D28BC2251D361D00B26F30 /* Sources */ = {
			isa = PBXSourcesBuildPhase;
			buildActionMask = 2147483647;
			files = (
				D1D28BCB251D361D00B26F30 /* DrinksUITests.swift in Sources */,
			);
			runOnlyForDeploymentPostprocessing = 0;
		};
/* End PBXSourcesBuildPhase section */

/* Begin PBXTargetDependency section */
		D1D28BBD251D361D00B26F30 /* PBXTargetDependency */ = {
			isa = PBXTargetDependency;
			target = D1D28BA4251D361C00B26F30 /* Drinks */;
			targetProxy = D1D28BBC251D361D00B26F30 /* PBXContainerItemProxy */;
		};
		D1D28BC8251D361D00B26F30 /* PBXTargetDependency */ = {
			isa = PBXTargetDependency;
			target = D1D28BA4251D361C00B26F30 /* Drinks */;
			targetProxy = D1D28BC7251D361D00B26F30 /* PBXContainerItemProxy */;
		};
/* End PBXTargetDependency section */

/* Begin PBXVariantGroup section */
		D1D28BB3251D361D00B26F30 /* LaunchScreen.storyboard */ = {
			isa = PBXVariantGroup;
			children = (
				D1D28BB4251D361D00B26F30 /* Base */,
			);
			name = LaunchScreen.storyboard;
			sourceTree = "<group>";
		};
/* End PBXVariantGroup section */

/* Begin XCBuildConfiguration section */
		D1D28BCD251D361D00B26F30 /* Debug */ = {
			isa = XCBuildConfiguration;
			buildSettings = {
				ALWAYS_SEARCH_USER_PATHS = NO;
				CLANG_ANALYZER_NONNULL = YES;
				CLANG_ANALYZER_NUMBER_OBJECT_CONVERSION = YES_AGGRESSIVE;
				CLANG_CXX_LANGUAGE_STANDARD = "gnu++14";
				CLANG_CXX_LIBRARY = "libc++";
				CLANG_ENABLE_MODULES = YES;
				CLANG_ENABLE_OBJC_ARC = YES;
				CLANG_ENABLE_OBJC_WEAK = YES;
				CLANG_WARN_BLOCK_CAPTURE_AUTORELEASING = YES;
				CLANG_WARN_BOOL_CONVERSION = YES;
				CLANG_WARN_COMMA = YES;
				CLANG_WARN_CONSTANT_CONVERSION = YES;
				CLANG_WARN_DEPRECATED_OBJC_IMPLEMENTATIONS = YES;
				CLANG_WARN_DIRECT_OBJC_ISA_USAGE = YES_ERROR;
				CLANG_WARN_DOCUMENTATION_COMMENTS = YES;
				CLANG_WARN_EMPTY_BODY = YES;
				CLANG_WARN_ENUM_CONVERSION = YES;
				CLANG_WARN_INFINITE_RECURSION = YES;
				CLANG_WARN_INT_CONVERSION = YES;
				CLANG_WARN_NON_LITERAL_NULL_CONVERSION = YES;
				CLANG_WARN_OBJC_IMPLICIT_RETAIN_SELF = YES;
				CLANG_WARN_OBJC_LITERAL_CONVERSION = YES;
				CLANG_WARN_OBJC_ROOT_CLASS = YES_ERROR;
				CLANG_WARN_QUOTED_INCLUDE_IN_FRAMEWORK_HEADER = YES;
				CLANG_WARN_RANGE_LOOP_ANALYSIS = YES;
				CLANG_WARN_STRICT_PROTOTYPES = YES;
				CLANG_WARN_SUSPICIOUS_MOVE = YES;
				CLANG_WARN_UNGUARDED_AVAILABILITY = YES_AGGRESSIVE;
				CLANG_WARN_UNREACHABLE_CODE = YES;
				CLANG_WARN__DUPLICATE_METHOD_MATCH = YES;
				COPY_PHASE_STRIP = NO;
				DEBUG_INFORMATION_FORMAT = dwarf;
				ENABLE_STRICT_OBJC_MSGSEND = YES;
				ENABLE_TESTABILITY = YES;
				GCC_C_LANGUAGE_STANDARD = gnu11;
				GCC_DYNAMIC_NO_PIC = NO;
				GCC_NO_COMMON_BLOCKS = YES;
				GCC_OPTIMIZATION_LEVEL = 0;
				GCC_PREPROCESSOR_DEFINITIONS = (
					"DEBUG=1",
					"$(inherited)",
				);
				GCC_WARN_64_TO_32_BIT_CONVERSION = YES;
				GCC_WARN_ABOUT_RETURN_TYPE = YES_ERROR;
				GCC_WARN_UNDECLARED_SELECTOR = YES;
				GCC_WARN_UNINITIALIZED_AUTOS = YES_AGGRESSIVE;
				GCC_WARN_UNUSED_FUNCTION = YES;
				GCC_WARN_UNUSED_VARIABLE = YES;
				IPHONEOS_DEPLOYMENT_TARGET = 14.0;
				MTL_ENABLE_DEBUG_INFO = INCLUDE_SOURCE;
				MTL_FAST_MATH = YES;
				ONLY_ACTIVE_ARCH = YES;
				SDKROOT = iphoneos;
				SWIFT_ACTIVE_COMPILATION_CONDITIONS = DEBUG;
				SWIFT_OPTIMIZATION_LEVEL = "-Onone";
			};
			name = Debug;
		};
		D1D28BCE251D361D00B26F30 /* Release */ = {
			isa = XCBuildConfiguration;
			buildSettings = {
				ALWAYS_SEARCH_USER_PATHS = NO;
				CLANG_ANALYZER_NONNULL = YES;
				CLANG_ANALYZER_NUMBER_OBJECT_CONVERSION = YES_AGGRESSIVE;
				CLANG_CXX_LANGUAGE_STANDARD = "gnu++14";
				CLANG_CXX_LIBRARY = "libc++";
				CLANG_ENABLE_MODULES = YES;
				CLANG_ENABLE_OBJC_ARC = YES;
				CLANG_ENABLE_OBJC_WEAK = YES;
				CLANG_WARN_BLOCK_CAPTURE_AUTORELEASING = YES;
				CLANG_WARN_BOOL_CONVERSION = YES;
				CLANG_WARN_COMMA = YES;
				CLANG_WARN_CONSTANT_CONVERSION = YES;
				CLANG_WARN_DEPRECATED_OBJC_IMPLEMENTATIONS = YES;
				CLANG_WARN_DIRECT_OBJC_ISA_USAGE = YES_ERROR;
				CLANG_WARN_DOCUMENTATION_COMMENTS = YES;
				CLANG_WARN_EMPTY_BODY = YES;
				CLANG_WARN_ENUM_CONVERSION = YES;
				CLANG_WARN_INFINITE_RECURSION = YES;
				CLANG_WARN_INT_CONVERSION = YES;
				CLANG_WARN_NON_LITERAL_NULL_CONVERSION = YES;
				CLANG_WARN_OBJC_IMPLICIT_RETAIN_SELF = YES;
				CLANG_WARN_OBJC_LITERAL_CONVERSION = YES;
				CLANG_WARN_OBJC_ROOT_CLASS = YES_ERROR;
				CLANG_WARN_QUOTED_INCLUDE_IN_FRAMEWORK_HEADER = YES;
				CLANG_WARN_RANGE_LOOP_ANALYSIS = YES;
				CLANG_WARN_STRICT_PROTOTYPES = YES;
				CLANG_WARN_SUSPICIOUS_MOVE = YES;
				CLANG_WARN_UNGUARDED_AVAILABILITY = YES_AGGRESSIVE;
				CLANG_WARN_UNREACHABLE_CODE = YES;
				CLANG_WARN__DUPLICATE_METHOD_MATCH = YES;
				COPY_PHASE_STRIP = NO;
				DEBUG_INFORMATION_FORMAT = "dwarf-with-dsym";
				ENABLE_NS_ASSERTIONS = NO;
				ENABLE_STRICT_OBJC_MSGSEND = YES;
				GCC_C_LANGUAGE_STANDARD = gnu11;
				GCC_NO_COMMON_BLOCKS = YES;
				GCC_WARN_64_TO_32_BIT_CONVERSION = YES;
				GCC_WARN_ABOUT_RETURN_TYPE = YES_ERROR;
				GCC_WARN_UNDECLARED_SELECTOR = YES;
				GCC_WARN_UNINITIALIZED_AUTOS = YES_AGGRESSIVE;
				GCC_WARN_UNUSED_FUNCTION = YES;
				GCC_WARN_UNUSED_VARIABLE = YES;
				IPHONEOS_DEPLOYMENT_TARGET = 14.0;
				MTL_ENABLE_DEBUG_INFO = NO;
				MTL_FAST_MATH = YES;
				SDKROOT = iphoneos;
				SWIFT_COMPILATION_MODE = wholemodule;
				SWIFT_OPTIMIZATION_LEVEL = "-O";
				VALIDATE_PRODUCT = YES;
			};
			name = Release;
		};
		D1D28BD0251D361D00B26F30 /* Debug */ = {
			isa = XCBuildConfiguration;
			buildSettings = {
				ASSETCATALOG_COMPILER_APPICON_NAME = AppIcon;
				ASSETCATALOG_COMPILER_GLOBAL_ACCENT_COLOR_NAME = AccentColor;
				CODE_SIGN_STYLE = Automatic;
				DEVELOPMENT_TEAM = F2KHAE3YT5;
				INFOPLIST_FILE = Drinks/Info.plist;
				LD_RUNPATH_SEARCH_PATHS = (
					"$(inherited)",
					"@executable_path/Frameworks",
				);
				PRODUCT_BUNDLE_IDENTIFIER = com.jonathanferrer.Drinks;
				PRODUCT_NAME = "$(TARGET_NAME)";
				SWIFT_VERSION = 5.0;
				TARGETED_DEVICE_FAMILY = "1,2";
			};
			name = Debug;
		};
		D1D28BD1251D361D00B26F30 /* Release */ = {
			isa = XCBuildConfiguration;
			buildSettings = {
				ASSETCATALOG_COMPILER_APPICON_NAME = AppIcon;
				ASSETCATALOG_COMPILER_GLOBAL_ACCENT_COLOR_NAME = AccentColor;
				CODE_SIGN_STYLE = Automatic;
				DEVELOPMENT_TEAM = F2KHAE3YT5;
				INFOPLIST_FILE = Drinks/Info.plist;
				LD_RUNPATH_SEARCH_PATHS = (
					"$(inherited)",
					"@executable_path/Frameworks",
				);
				PRODUCT_BUNDLE_IDENTIFIER = com.jonathanferrer.Drinks;
				PRODUCT_NAME = "$(TARGET_NAME)";
				SWIFT_VERSION = 5.0;
				TARGETED_DEVICE_FAMILY = "1,2";
			};
			name = Release;
		};
		D1D28BD3251D361D00B26F30 /* Debug */ = {
			isa = XCBuildConfiguration;
			buildSettings = {
				ALWAYS_EMBED_SWIFT_STANDARD_LIBRARIES = YES;
				BUNDLE_LOADER = "$(TEST_HOST)";
				CODE_SIGN_STYLE = Automatic;
				DEVELOPMENT_TEAM = F2KHAE3YT5;
				INFOPLIST_FILE = DrinksTests/Info.plist;
				IPHONEOS_DEPLOYMENT_TARGET = 14.0;
				LD_RUNPATH_SEARCH_PATHS = (
					"$(inherited)",
					"@executable_path/Frameworks",
					"@loader_path/Frameworks",
				);
				PRODUCT_BUNDLE_IDENTIFIER = com.jonathanferrer.DrinksTests;
				PRODUCT_NAME = "$(TARGET_NAME)";
				SWIFT_VERSION = 5.0;
				TARGETED_DEVICE_FAMILY = "1,2";
				TEST_HOST = "$(BUILT_PRODUCTS_DIR)/Drinks.app/Drinks";
			};
			name = Debug;
		};
		D1D28BD4251D361D00B26F30 /* Release */ = {
			isa = XCBuildConfiguration;
			buildSettings = {
				ALWAYS_EMBED_SWIFT_STANDARD_LIBRARIES = YES;
				BUNDLE_LOADER = "$(TEST_HOST)";
				CODE_SIGN_STYLE = Automatic;
				DEVELOPMENT_TEAM = F2KHAE3YT5;
				INFOPLIST_FILE = DrinksTests/Info.plist;
				IPHONEOS_DEPLOYMENT_TARGET = 14.0;
				LD_RUNPATH_SEARCH_PATHS = (
					"$(inherited)",
					"@executable_path/Frameworks",
					"@loader_path/Frameworks",
				);
				PRODUCT_BUNDLE_IDENTIFIER = com.jonathanferrer.DrinksTests;
				PRODUCT_NAME = "$(TARGET_NAME)";
				SWIFT_VERSION = 5.0;
				TARGETED_DEVICE_FAMILY = "1,2";
				TEST_HOST = "$(BUILT_PRODUCTS_DIR)/Drinks.app/Drinks";
			};
			name = Release;
		};
		D1D28BD6251D361D00B26F30 /* Debug */ = {
			isa = XCBuildConfiguration;
			buildSettings = {
				ALWAYS_EMBED_SWIFT_STANDARD_LIBRARIES = YES;
				CODE_SIGN_STYLE = Automatic;
				DEVELOPMENT_TEAM = F2KHAE3YT5;
				INFOPLIST_FILE = DrinksUITests/Info.plist;
				LD_RUNPATH_SEARCH_PATHS = (
					"$(inherited)",
					"@executable_path/Frameworks",
					"@loader_path/Frameworks",
				);
				PRODUCT_BUNDLE_IDENTIFIER = com.jonathanferrer.DrinksUITests;
				PRODUCT_NAME = "$(TARGET_NAME)";
				SWIFT_VERSION = 5.0;
				TARGETED_DEVICE_FAMILY = "1,2";
				TEST_TARGET_NAME = Drinks;
			};
			name = Debug;
		};
		D1D28BD7251D361D00B26F30 /* Release */ = {
			isa = XCBuildConfiguration;
			buildSettings = {
				ALWAYS_EMBED_SWIFT_STANDARD_LIBRARIES = YES;
				CODE_SIGN_STYLE = Automatic;
				DEVELOPMENT_TEAM = F2KHAE3YT5;
				INFOPLIST_FILE = DrinksUITests/Info.plist;
				LD_RUNPATH_SEARCH_PATHS = (
					"$(inherited)",
					"@executable_path/Frameworks",
					"@loader_path/Frameworks",
				);
				PRODUCT_BUNDLE_IDENTIFIER = com.jonathanferrer.DrinksUITests;
				PRODUCT_NAME = "$(TARGET_NAME)";
				SWIFT_VERSION = 5.0;
				TARGETED_DEVICE_FAMILY = "1,2";
				TEST_TARGET_NAME = Drinks;
			};
			name = Release;
		};
/* End XCBuildConfiguration section */

/* Begin XCConfigurationList section */
		D1D28BA0251D361C00B26F30 /* Build configuration list for PBXProject "Drinks" */ = {
			isa = XCConfigurationList;
			buildConfigurations = (
				D1D28BCD251D361D00B26F30 /* Debug */,
				D1D28BCE251D361D00B26F30 /* Release */,
			);
			defaultConfigurationIsVisible = 0;
			defaultConfigurationName = Release;
		};
		D1D28BCF251D361D00B26F30 /* Build configuration list for PBXNativeTarget "Drinks" */ = {
			isa = XCConfigurationList;
			buildConfigurations = (
				D1D28BD0251D361D00B26F30 /* Debug */,
				D1D28BD1251D361D00B26F30 /* Release */,
			);
			defaultConfigurationIsVisible = 0;
			defaultConfigurationName = Release;
		};
		D1D28BD2251D361D00B26F30 /* Build configuration list for PBXNativeTarget "DrinksTests" */ = {
			isa = XCConfigurationList;
			buildConfigurations = (
				D1D28BD3251D361D00B26F30 /* Debug */,
				D1D28BD4251D361D00B26F30 /* Release */,
			);
			defaultConfigurationIsVisible = 0;
			defaultConfigurationName = Release;
		};
		D1D28BD5251D361D00B26F30 /* Build configuration list for PBXNativeTarget "DrinksUITests" */ = {
			isa = XCConfigurationList;
			buildConfigurations = (
				D1D28BD6251D361D00B26F30 /* Debug */,
				D1D28BD7251D361D00B26F30 /* Release */,
			);
			defaultConfigurationIsVisible = 0;
			defaultConfigurationName = Release;
		};
/* End XCConfigurationList section */
	};
	rootObject = D1D28B9D251D361C00B26F30 /* Project object */;
}
